// !$*UTF8*$!
{
	archiveVersion = 1;
	classes = {
	};
	objectVersion = 77;
	objects = {

/* Begin PBXBuildFile section */
		14DCEC0B8CD21F1C424D2D7D /* Assets.xcassets in Resources */ = {isa = PBXBuildFile; fileRef = BCD37AD59A22DC86B6166643 /* Assets.xcassets */; };
		7268324192F786D8CB0B6BCE /* AtlasQuizApp.swift in Sources */ = {isa = PBXBuildFile; fileRef = 1B0CF8545BA90D3E277C9273 /* AtlasQuizApp.swift */; };
		8204715326126FF2990F4077 /* WebView.swift in Sources */ = {isa = PBXBuildFile; fileRef = D63CA514C6DFBEC9A06A7B42 /* WebView.swift */; };
		8A80ADFA50C4B1AA8FD5FB92 /* WebContent in Resources */ = {isa = PBXBuildFile; fileRef = 1806BC1840DF08387F5E58F8 /* WebContent */; };
		9908D7F209E9DE587E83D92F /* ContentView.swift in Sources */ = {isa = PBXBuildFile; fileRef = 02A3517E68693691B098129F /* ContentView.swift */; };
/* End PBXBuildFile section */

/* Begin PBXFileReference section */
		02A3517E68693691B098129F /* ContentView.swift */ = {isa = PBXFileReference; lastKnownFileType = sourcecode.swift; path = ContentView.swift; sourceTree = "<group>"; };
		1806BC1840DF08387F5E58F8 /* WebContent */ = {isa = PBXFileReference; lastKnownFileType = folder; name = WebContent; path = Resources/WebContent; sourceTree = SOURCE_ROOT; };
		1B0CF8545BA90D3E277C9273 /* AtlasQuizApp.swift */ = {isa = PBXFileReference; lastKnownFileType = sourcecode.swift; path = AtlasQuizApp.swift; sourceTree = "<group>"; };
		2A36934DD900D80BA4634B68 /* AtlasQuiz.app */ = {isa = PBXFileReference; includeInIndex = 0; lastKnownFileType = wrapper.application; path = AtlasQuiz.app; sourceTree = BUILT_PRODUCTS_DIR; };
		BCD37AD59A22DC86B6166643 /* Assets.xcassets */ = {isa = PBXFileReference; lastKnownFileType = folder.assetcatalog; path = Assets.xcassets; sourceTree = "<group>"; };
		D63CA514C6DFBEC9A06A7B42 /* WebView.swift */ = {isa = PBXFileReference; lastKnownFileType = sourcecode.swift; path = WebView.swift; sourceTree = "<group>"; };
/* End PBXFileReference section */

/* Begin PBXGroup section */
		093A324A2EF40B7EA19297B4 /* Resources */ = {
			isa = PBXGroup;
			children = (
				BCD37AD59A22DC86B6166643 /* Assets.xcassets */,
				1806BC1840DF08387F5E58F8 /* WebContent */,
			);
			path = Resources;
			sourceTree = "<group>";
		};
		293061A5311A2DEB09842F39 /* Sources */ = {
			isa = PBXGroup;
			children = (
				1B0CF8545BA90D3E277C9273 /* AtlasQuizApp.swift */,
				02A3517E68693691B098129F /* ContentView.swift */,
				D63CA514C6DFBEC9A06A7B42 /* WebView.swift */,
			);
			path = Sources;
			sourceTree = "<group>";
		};
		5F8B1E56F51521FFB0EB2362 = {
			isa = PBXGroup;
			children = (
				093A324A2EF40B7EA19297B4 /* Resources */,
				293061A5311A2DEB09842F39 /* Sources */,
				D00D0DEF2AA9BBDFC871099D /* Products */,
			);
			sourceTree = "<group>";
		};
		D00D0DEF2AA9BBDFC871099D /* Products */ = {
			isa = PBXGroup;
			children = (
				2A36934DD900D80BA4634B68 /* AtlasQuiz.app */,
			);
			name = Products;
			sourceTree = "<group>";
		};
/* End PBXGroup section */

/* Begin PBXNativeTarget section */
		B00B312B171AA65A47BD0AD3 /* AtlasQuiz */ = {
			isa = PBXNativeTarget;
			buildConfigurationList = 91EF781EC0CD665E91C42772 /* Build configuration list for PBXNativeTarget "AtlasQuiz" */;
			buildPhases = (
				5733CAF38730BB08E6E20AD6 /* Sources */,
				2DB2F9748D05274E11E8A7AF /* Resources */,
			);
			buildRules = (
			);
			dependencies = (
			);
			name = AtlasQuiz;
			packageProductDependencies = (
			);
			productName = AtlasQuiz;
			productReference = 2A36934DD900D80BA4634B68 /* AtlasQuiz.app */;
			productType = "com.apple.product-type.application";
		};
/* End PBXNativeTarget section */

/* Begin PBXProject section */
		0BA0F02BC27BD556E4FACCDB /* Project object */ = {
			isa = PBXProject;
			attributes = {
				BuildIndependentTargetsInParallel = YES;
				LastUpgradeCheck = 1430;
				TargetAttributes = {
					B00B312B171AA65A47BD0AD3 = {
						DevelopmentTeam = J9ML2ABRFJ;
						ProvisioningStyle = Automatic;
					};
				};
			};
			buildConfigurationList = 55002FD00DFE8178AF226ED5 /* Build configuration list for PBXProject "AtlasQuiz" */;
			developmentRegion = en;
			hasScannedForEncodings = 0;
			knownRegions = (
				Base,
				en,
			);
			mainGroup = 5F8B1E56F51521FFB0EB2362;
			minimizedProjectReferenceProxies = 1;
			preferredProjectObjectVersion = 77;
			productRefGroup = D00D0DEF2AA9BBDFC871099D /* Products */;
			projectDirPath = "";
			projectRoot = "";
			targets = (
				B00B312B171AA65A47BD0AD3 /* AtlasQuiz */,
			);
		};
/* End PBXProject section */

/* Begin PBXResourcesBuildPhase section */
		2DB2F9748D05274E11E8A7AF /* Resources */ = {
			isa = PBXResourcesBuildPhase;
			buildActionMask = 2147483647;
			files = (
				14DCEC0B8CD21F1C424D2D7D /* Assets.xcassets in Resources */,
				8A80ADFA50C4B1AA8FD5FB92 /* WebContent in Resources */,
			);
			runOnlyForDeploymentPostprocessing = 0;
		};
/* End PBXResourcesBuildPhase section */

/* Begin PBXSourcesBuildPhase section */
		5733CAF38730BB08E6E20AD6 /* Sources */ = {
			isa = PBXSourcesBuildPhase;
			buildActionMask = 2147483647;
			files = (
				7268324192F786D8CB0B6BCE /* AtlasQuizApp.swift in Sources */,
				9908D7F209E9DE587E83D92F /* ContentView.swift in Sources */,
				8204715326126FF2990F4077 /* WebView.swift in Sources */,
			);
			runOnlyForDeploymentPostprocessing = 0;
		};
/* End PBXSourcesBuildPhase section */

/* Begin XCBuildConfiguration section */
		0EFD516044E9EB2D2A2D5AD3 /* Release */ = {
			isa = XCBuildConfiguration;
			buildSettings = {
				ALWAYS_SEARCH_USER_PATHS = NO;
				CLANG_ANALYZER_NONNULL = YES;
				CLANG_ANALYZER_NUMBER_OBJECT_CONVERSION = YES_AGGRESSIVE;
				CLANG_CXX_LANGUAGE_STANDARD = "gnu++14";
				CLANG_CXX_LIBRARY = "libc++";
				CLANG_ENABLE_MODULES = YES;
				CLANG_ENABLE_OBJC_ARC = YES;
				CLANG_ENABLE_OBJC_WEAK = YES;
				CLANG_WARN_BLOCK_CAPTURE_AUTORELEASING = YES;
				CLANG_WARN_BOOL_CONVERSION = YES;
				CLANG_WARN_COMMA = YES;
				CLANG_WARN_CONSTANT_CONVERSION = YES;
				CLANG_WARN_DEPRECATED_OBJC_IMPLEMENTATIONS = YES;
				CLANG_WARN_DIRECT_OBJC_ISA_USAGE = YES_ERROR;
				CLANG_WARN_DOCUMENTATION_COMMENTS = YES;
				CLANG_WARN_EMPTY_BODY = YES;
				CLANG_WARN_ENUM_CONVERSION = YES;
				CLANG_WARN_INFINITE_RECURSION = YES;
				CLANG_WARN_INT_CONVERSION = YES;
				CLANG_WARN_NON_LITERAL_NULL_CONVERSION = YES;
				CLANG_WARN_OBJC_IMPLICIT_RETAIN_SELF = YES;
				CLANG_WARN_OBJC_LITERAL_CONVERSION = YES;
				CLANG_WARN_OBJC_ROOT_CLASS = YES_ERROR;
				CLANG_WARN_QUOTED_INCLUDE_IN_FRAMEWORK_HEADER = YES;
				CLANG_WARN_RANGE_LOOP_ANALYSIS = YES;
				CLANG_WARN_STRICT_PROTOTYPES = YES;
				CLANG_WARN_SUSPICIOUS_MOVE = YES;
				CLANG_WARN_UNGUARDED_AVAILABILITY = YES_AGGRESSIVE;
				CLANG_WARN_UNREACHABLE_CODE = YES;
				CLANG_WARN__DUPLICATE_METHOD_MATCH = YES;
				COPY_PHASE_STRIP = NO;
				DEBUG_INFORMATION_FORMAT = "dwarf-with-dsym";
				ENABLE_NS_ASSERTIONS = NO;
				ENABLE_STRICT_OBJC_MSGSEND = YES;
				GCC_C_LANGUAGE_STANDARD = gnu11;
				GCC_NO_COMMON_BLOCKS = YES;
				GCC_WARN_64_TO_32_BIT_CONVERSION = YES;
				GCC_WARN_ABOUT_RETURN_TYPE = YES_ERROR;
				GCC_WARN_UNDECLARED_SELECTOR = YES;
				GCC_WARN_UNINITIALIZED_AUTOS = YES_AGGRESSIVE;
				GCC_WARN_UNUSED_FUNCTION = YES;
				GCC_WARN_UNUSED_VARIABLE = YES;
				IPHONEOS_DEPLOYMENT_TARGET = 16.0;
				MTL_ENABLE_DEBUG_INFO = NO;
				MTL_FAST_MATH = YES;
				PRODUCT_NAME = "$(TARGET_NAME)";
				SDKROOT = iphoneos;
				SWIFT_COMPILATION_MODE = wholemodule;
				SWIFT_OPTIMIZATION_LEVEL = "-O";
				SWIFT_VERSION = 5.0;
			};
			name = Release;
		};
		3C461FCF8E6BB17A6E801536 /* Release */ = {
			isa = XCBuildConfiguration;
			buildSettings = {
				ASSETCATALOG_COMPILER_APPICON_NAME = AppIcon;
				ASSETCATALOG_COMPILER_GLOBAL_ACCENT_COLOR_NAME = AccentColor;
				CODE_SIGN_IDENTITY = "iPhone Developer";
				CODE_SIGN_STYLE = Automatic;
				CURRENT_PROJECT_VERSION = 2;
				DEVELOPMENT_TEAM = J9ML2ABRFJ;
				INFOPLIST_FILE = Resources/Info.plist;
				IPHONEOS_DEPLOYMENT_TARGET = 16.0;
				LD_RUNPATH_SEARCH_PATHS = (
					"$(inherited)",
					"@executable_path/Frameworks",
				);
				MARKETING_VERSION = 1.0;
				PRODUCT_BUNDLE_IDENTIFIER = com.npool9.atlasquiz;
				SDKROOT = iphoneos;
				SWIFT_VERSION = 5.9;
				TARGETED_DEVICE_FAMILY = 1;
			};
			name = Release;
		};
		7D8A8500DCA7557804AF3DE1 /* Debug */ = {
			isa = XCBuildConfiguration;
			buildSettings = {
				ASSETCATALOG_COMPILER_APPICON_NAME = AppIcon;
				ASSETCATALOG_COMPILER_GLOBAL_ACCENT_COLOR_NAME = AccentColor;
				CODE_SIGN_IDENTITY = "iPhone Developer";
				CODE_SIGN_STYLE = Automatic;
				CURRENT_PROJECT_VERSION = 2;
				DEVELOPMENT_TEAM = J9ML2ABRFJ;
				INFOPLIST_FILE = Resources/Info.plist;
				IPHONEOS_DEPLOYMENT_TARGET = 16.0;
				LD_RUNPATH_SEARCH_PATHS = (
					"$(inherited)",
					"@executable_path/Frameworks",
				);
				MARKETING_VERSION = 1.0;
				PRODUCT_BUNDLE_IDENTIFIER = com.npool9.atlasquiz;
				SDKROOT = iphoneos;
				SWIFT_VERSION = 5.9;
				TARGETED_DEVICE_FAMILY = 1;
			};
			name = Debug;
		};
		9C59E702DB77B950CEE6E52B /* Debug */ = {
			isa = XCBuildConfiguration;
			buildSettings = {
				ALWAYS_SEARCH_USER_PATHS = NO;
				CLANG_ANALYZER_NONNULL = YES;
				CLANG_ANALYZER_NUMBER_OBJECT_CONVERSION = YES_AGGRESSIVE;
				CLANG_CXX_LANGUAGE_STANDARD = "gnu++14";
				CLANG_CXX_LIBRARY = "libc++";
				CLANG_ENABLE_MODULES = YES;
				CLANG_ENABLE_OBJC_ARC = YES;
				CLANG_ENABLE_OBJC_WEAK = YES;
				CLANG_WARN_BLOCK_CAPTURE_AUTORELEASING = YES;
				CLANG_WARN_BOOL_CONVERSION = YES;
				CLANG_WARN_COMMA = YES;
				CLANG_WARN_CONSTANT_CONVERSION = YES;
				CLANG_WARN_DEPRECATED_OBJC_IMPLEMENTATIONS = YES;
				CLANG_WARN_DIRECT_OBJC_ISA_USAGE = YES_ERROR;
				CLANG_WARN_DOCUMENTATION_COMMENTS = YES;
				CLANG_WARN_EMPTY_BODY = YES;
				CLANG_WARN_ENUM_CONVERSION = YES;
				CLANG_WARN_INFINITE_RECURSION = YES;
				CLANG_WARN_INT_CONVERSION = YES;
				CLANG_WARN_NON_LITERAL_NULL_CONVERSION = YES;
				CLANG_WARN_OBJC_IMPLICIT_RETAIN_SELF = YES;
				CLANG_WARN_OBJC_LITERAL_CONVERSION = YES;
				CLANG_WARN_OBJC_ROOT_CLASS = YES_ERROR;
				CLANG_WARN_QUOTED_INCLUDE_IN_FRAMEWORK_HEADER = YES;
				CLANG_WARN_RANGE_LOOP_ANALYSIS = YES;
				CLANG_WARN_STRICT_PROTOTYPES = YES;
				CLANG_WARN_SUSPICIOUS_MOVE = YES;
				CLANG_WARN_UNGUARDED_AVAILABILITY = YES_AGGRESSIVE;
				CLANG_WARN_UNREACHABLE_CODE = YES;
				CLANG_WARN__DUPLICATE_METHOD_MATCH = YES;
				COPY_PHASE_STRIP = NO;
				DEBUG_INFORMATION_FORMAT = dwarf;
				ENABLE_STRICT_OBJC_MSGSEND = YES;
				ENABLE_TESTABILITY = YES;
				GCC_C_LANGUAGE_STANDARD = gnu11;
				GCC_DYNAMIC_NO_PIC = NO;
				GCC_NO_COMMON_BLOCKS = YES;
				GCC_OPTIMIZATION_LEVEL = 0;
				GCC_PREPROCESSOR_DEFINITIONS = (
					"$(inherited)",
					"DEBUG=1",
				);
				GCC_WARN_64_TO_32_BIT_CONVERSION = YES;
				GCC_WARN_ABOUT_RETURN_TYPE = YES_ERROR;
				GCC_WARN_UNDECLARED_SELECTOR = YES;
				GCC_WARN_UNINITIALIZED_AUTOS = YES_AGGRESSIVE;
				GCC_WARN_UNUSED_FUNCTION = YES;
				GCC_WARN_UNUSED_VARIABLE = YES;
				IPHONEOS_DEPLOYMENT_TARGET = 16.0;
				MTL_ENABLE_DEBUG_INFO = INCLUDE_SOURCE;
				MTL_FAST_MATH = YES;
				ONLY_ACTIVE_ARCH = YES;
				PRODUCT_NAME = "$(TARGET_NAME)";
				SDKROOT = iphoneos;
				SWIFT_ACTIVE_COMPILATION_CONDITIONS = DEBUG;
				SWIFT_OPTIMIZATION_LEVEL = "-Onone";
				SWIFT_VERSION = 5.0;
			};
			name = Debug;
		};
/* End XCBuildConfiguration section */

/* Begin XCConfigurationList section */
		55002FD00DFE8178AF226ED5 /* Build configuration list for PBXProject "AtlasQuiz" */ = {
			isa = XCConfigurationList;
			buildConfigurations = (
				9C59E702DB77B950CEE6E52B /* Debug */,
				0EFD516044E9EB2D2A2D5AD3 /* Release */,
			);
			defaultConfigurationIsVisible = 0;
			defaultConfigurationName = Debug;
		};
		91EF781EC0CD665E91C42772 /* Build configuration list for PBXNativeTarget "AtlasQuiz" */ = {
			isa = XCConfigurationList;
			buildConfigurations = (
				7D8A8500DCA7557804AF3DE1 /* Debug */,
				3C461FCF8E6BB17A6E801536 /* Release */,
			);
			defaultConfigurationIsVisible = 0;
			defaultConfigurationName = Debug;
		};
/* End XCConfigurationList section */
	};
	rootObject = 0BA0F02BC27BD556E4FACCDB /* Project object */;
}
